<?xml version="1.0" encoding="utf-8"?>
<Project ToolsVersion="4.0" xmlns="http://schemas.microsoft.com/developer/msbuild/2003">
  <ItemGroup>
    <Filter Include="Исходные файлы">
      <UniqueIdentifier>{4FC737F1-C7A5-4376-A066-2A32D752A2FF}</UniqueIdentifier>
      <Extensions>cpp;c;cc;cxx;c++;cppm;ixx;def;odl;idl;hpj;bat;asm;asmx</Extensions>
    </Filter>
    <Filter Include="Файлы заголовков">
      <UniqueIdentifier>{93995380-89BD-4b04-88EB-625FBE52EBFB}</UniqueIdentifier>
      <Extensions>h;hh;hpp;hxx;h++;hm;inl;inc;ipp;xsd</Extensions>
    </Filter>
    <Filter Include="Файлы ресурсов">
      <UniqueIdentifier>{67DA6AB6-F800-4c08-8B7A-83BB121AAD01}</UniqueIdentifier>
      <Extensions>rc;ico;cur;bmp;dlg;rc2;rct;bin;rgs;gif;jpg;jpeg;jpe;resx;tiff;tif;png;wav;mfcribbon-ms</Extensions>
    </Filter>
  </ItemGroup>
  <ItemGroup>
    <ClInclude Include="framework.h">
      <Filter>Файлы заголовков</Filter>
    </ClInclude>
    <ClInclude Include="targetver.h">
      <Filter>Файлы заголовков</Filter>
    </ClInclude>
    <ClInclude Include="Resource.h">
      <Filter>Файлы заголовков</Filter>
    </ClInclude>
    <ClInclude Include="2UTM_vs.h">
      <Filter>Файлы заголовков</Filter>
    </ClInclude>
    <ClInclude Include="Logger.h">
      <Filter>Файлы заголовков</Filter>
    </ClInclude>
    <ClInclude Include="GetCurrentDateTime.h">
      <Filter>Файлы заголовков</Filter>
    </ClInclude>
    <ClInclude Include="GetPathExe.h">
      <Filter>Файлы заголовков</Filter>
    </ClInclude>
    <ClInclude Include="common.h">
      <Filter>Файлы заголовков</Filter>
    </ClInclude>
    <ClInclude Include="ControlReaders.h">
      <Filter>Файлы заголовков</Filter>
    </ClInclude>
    <ClInclude Include="config.h">
      <Filter>Файлы заголовков</Filter>
    </ClInclude>
    <ClInclude Include="installUTM.h">
      <Filter>Файлы заголовков</Filter>
    </ClInclude>
    <ClInclude Include="ControlService.h">
      <Filter>Файлы заголовков</Filter>
    </ClInclude>
  </ItemGroup>
  <ItemGroup>
    <ClCompile Include="2UTM_vs.cpp">
      <Filter>Исходные файлы</Filter>
    </ClCompile>
    <ClCompile Include="Logger.cpp">
      <Filter>Исходные файлы</Filter>
    </ClCompile>
    <ClCompile Include="GetCurrentDateTime.cpp">
      <Filter>Исходные файлы</Filter>
    </ClCompile>
    <ClCompile Include="GetPathExe.cpp">
      <Filter>Исходные файлы</Filter>
    </ClCompile>
    <ClCompile Include="ControlReaders.cpp">
      <Filter>Исходные файлы</Filter>
    </ClCompile>
    <ClCompile Include="config.cpp">
      <Filter>Исходные файлы</Filter>
    </ClCompile>
    <ClCompile Include="installUTM.cpp">
      <Filter>Исходные файлы</Filter>
    </ClCompile>
    <ClCompile Include="ControlService.cpp">
      <Filter>Исходные файлы</Filter>
    </ClCompile>
  </ItemGroup>
  <ItemGroup>
    <ResourceCompile Include="2UTM_vs.rc">
      <Filter>Файлы ресурсов</Filter>
    </ResourceCompile>
  </ItemGroup>
  <ItemGroup>
    <Image Include="2UTM.ico">
      <Filter>Файлы ресурсов</Filter>
    </Image>
    <Image Include="runService.ico">
      <Filter>Файлы ресурсов</Filter>
    </Image>
    <Image Include="stopService.ico">
      <Filter>Файлы ресурсов</Filter>
    </Image>
    <Image Include="token.ico">
      <Filter>Файлы ресурсов</Filter>
    </Image>
    <Image Include="icon4.ico">
      <Filter>Файлы ресурсов</Filter>
    </Image>
  </ItemGroup>
</Project>